{
  "name": "itemflipper",
  "version": "1.0.0",
  "lockfileVersion": 3,
  "requires": true,
  "packages": {
    "": {
      "name": "itemflipper",
      "version": "1.0.0",
      "license": "ISC",
      "dependencies": {
        "compress-json": "^3.1.0"
      },
      "bin": {
        "itemflipper": "ItemFlipper.js"
      }
    },
    "node_modules/compress-json": {
      "version": "3.1.0",
      "resolved": "https://registry.npmjs.org/compress-json/-/compress-json-3.1.0.tgz",
      "integrity": "sha512-Zcq4jRC5ZpfaOY3mbBWOANtGuMHJ/hsTENcwN1/lEkrogcoAF7HBma1RLe/CICZO6IquK1U0EaPzmnlDIFRNjA==",
      "license": "BSD-2-Clause"
    }
  }
}
